// !$*UTF8*$!
{
	archiveVersion = 1;
	classes = {
	};
	objectVersion = 46;
	objects = {

/* Begin PBXBuildFile section */
		4A43950C1E8DCEAD00E2328A /* WeatherCell.swift in Sources */ = {isa = PBXBuildFile; fileRef = 4A43950B1E8DCEAD00E2328A /* WeatherCell.swift */; };
		4A4395111E8DFB6900E2328A /* Location.swift in Sources */ = {isa = PBXBuildFile; fileRef = 4A4395101E8DFB6900E2328A /* Location.swift */; };
		B8AB28F0325A0988186110DD /* Pods_weather.framework in Frameworks */ = {isa = PBXBuildFile; fileRef = D018D5CF7DF1FA1E6FB70DD3 /* Pods_weather.framework */; };
		FC7E89C41E7E22A700A4316C /* Constant.swift in Sources */ = {isa = PBXBuildFile; fileRef = FC7E89C31E7E22A700A4316C /* Constant.swift */; };
		FC7E89C61E7E275000A4316C /* WeatherData.swift in Sources */ = {isa = PBXBuildFile; fileRef = FC7E89C51E7E275000A4316C /* WeatherData.swift */; };
		FC8708CC1E79D05500984FAE /* AppDelegate.swift in Sources */ = {isa = PBXBuildFile; fileRef = FC8708CB1E79D05500984FAE /* AppDelegate.swift */; };
		FC8708CE1E79D05500984FAE /* WeatherVC.swift in Sources */ = {isa = PBXBuildFile; fileRef = FC8708CD1E79D05500984FAE /* WeatherVC.swift */; };
		FC8708D11E79D05500984FAE /* Main.storyboard in Resources */ = {isa = PBXBuildFile; fileRef = FC8708CF1E79D05500984FAE /* Main.storyboard */; };
		FC8708D31E79D05500984FAE /* Assets.xcassets in Resources */ = {isa = PBXBuildFile; fileRef = FC8708D21E79D05500984FAE /* Assets.xcassets */; };
		FC8708D61E79D05500984FAE /* LaunchScreen.storyboard in Resources */ = {isa = PBXBuildFile; fileRef = FC8708D41E79D05500984FAE /* LaunchScreen.storyboard */; };
		FC9DE5CE1E8444880014DC9C /* Forecast.swift in Sources */ = {isa = PBXBuildFile; fileRef = FC9DE5CD1E8444880014DC9C /* Forecast.swift */; };
/* End PBXBuildFile section */

/* Begin PBXFileReference section */
		4A43950B1E8DCEAD00E2328A /* WeatherCell.swift */ = {isa = PBXFileReference; fileEncoding = 4; lastKnownFileType = sourcecode.swift; path = WeatherCell.swift; sourceTree = "<group>"; };
		4A4395101E8DFB6900E2328A /* Location.swift */ = {isa = PBXFileReference; fileEncoding = 4; lastKnownFileType = sourcecode.swift; path = Location.swift; sourceTree = "<group>"; };
		7AC8C8B6557861888A6F266F /* Pods-weather.debug.xcconfig */ = {isa = PBXFileReference; includeInIndex = 1; lastKnownFileType = text.xcconfig; name = "Pods-weather.debug.xcconfig"; path = "Pods/Target Support Files/Pods-weather/Pods-weather.debug.xcconfig"; sourceTree = "<group>"; };
		848E12FF3EA16FADFCF24F6E /* Pods-weather.release.xcconfig */ = {isa = PBXFileReference; includeInIndex = 1; lastKnownFileType = text.xcconfig; name = "Pods-weather.release.xcconfig"; path = "Pods/Target Support Files/Pods-weather/Pods-weather.release.xcconfig"; sourceTree = "<group>"; };
		D018D5CF7DF1FA1E6FB70DD3 /* Pods_weather.framework */ = {isa = PBXFileReference; explicitFileType = wrapper.framework; includeInIndex = 0; path = Pods_weather.framework; sourceTree = BUILT_PRODUCTS_DIR; };
		FC7E89C31E7E22A700A4316C /* Constant.swift */ = {isa = PBXFileReference; fileEncoding = 4; lastKnownFileType = sourcecode.swift; path = Constant.swift; sourceTree = "<group>"; };
		FC7E89C51E7E275000A4316C /* WeatherData.swift */ = {isa = PBXFileReference; fileEncoding = 4; lastKnownFileType = sourcecode.swift; path = WeatherData.swift; sourceTree = "<group>"; };
		FC8708C81E79D05500984FAE /* weather.app */ = {isa = PBXFileReference; explicitFileType = wrapper.application; includeInIndex = 0; path = weather.app; sourceTree = BUILT_PRODUCTS_DIR; };
		FC8708CB1E79D05500984FAE /* AppDelegate.swift */ = {isa = PBXFileReference; lastKnownFileType = sourcecode.swift; path = AppDelegate.swift; sourceTree = "<group>"; };
		FC8708CD1E79D05500984FAE /* WeatherVC.swift */ = {isa = PBXFileReference; lastKnownFileType = sourcecode.swift; path = WeatherVC.swift; sourceTree = "<group>"; };
		FC8708D01E79D05500984FAE /* Base */ = {isa = PBXFileReference; lastKnownFileType = file.storyboard; name = Base; path = Base.lproj/Main.storyboard; sourceTree = "<group>"; };
		FC8708D21E79D05500984FAE /* Assets.xcassets */ = {isa = PBXFileReference; lastKnownFileType = folder.assetcatalog; path = Assets.xcassets; sourceTree = "<group>"; };
		FC8708D51E79D05500984FAE /* Base */ = {isa = PBXFileReference; lastKnownFileType = file.storyboard; name = Base; path = Base.lproj/LaunchScreen.storyboard; sourceTree = "<group>"; };
		FC8708D71E79D05500984FAE /* Info.plist */ = {isa = PBXFileReference; lastKnownFileType = text.plist.xml; path = Info.plist; sourceTree = "<group>"; };
		FC9DE5CD1E8444880014DC9C /* Forecast.swift */ = {isa = PBXFileReference; fileEncoding = 4; lastKnownFileType = sourcecode.swift; path = Forecast.swift; sourceTree = "<group>"; };
/* End PBXFileReference section */

/* Begin PBXFrameworksBuildPhase section */
		FC8708C51E79D05500984FAE /* Frameworks */ = {
			isa = PBXFrameworksBuildPhase;
			buildActionMask = 2147483647;
			files = (
				B8AB28F0325A0988186110DD /* Pods_weather.framework in Frameworks */,
			);
			runOnlyForDeploymentPostprocessing = 0;
		};
/* End PBXFrameworksBuildPhase section */

/* Begin PBXGroup section */
		4A43950D1E8DD5F200E2328A /* Model */ = {
			isa = PBXGroup;
			children = (
				FC7E89C31E7E22A700A4316C /* Constant.swift */,
				FC9DE5CD1E8444880014DC9C /* Forecast.swift */,
				FC7E89C51E7E275000A4316C /* WeatherData.swift */,
			);
			name = Model;
			sourceTree = "<group>";
		};
		4A43950E1E8DD60300E2328A /* View */ = {
			isa = PBXGroup;
			children = (
				4A43950B1E8DCEAD00E2328A /* WeatherCell.swift */,
			);
			name = View;
			sourceTree = "<group>";
		};
		4A43950F1E8DD61700E2328A /* Controller */ = {
			isa = PBXGroup;
			children = (
				FC8708CD1E79D05500984FAE /* WeatherVC.swift */,
			);
			name = Controller;
			sourceTree = "<group>";
		};
		4D38DF9C5714EC62053A9C5D /* Frameworks */ = {
			isa = PBXGroup;
			children = (
				D018D5CF7DF1FA1E6FB70DD3 /* Pods_weather.framework */,
			);
			name = Frameworks;
			sourceTree = "<group>";
		};
		F6C16E47C4E5E1FE5AE0A464 /* Pods */ = {
			isa = PBXGroup;
			children = (
				7AC8C8B6557861888A6F266F /* Pods-weather.debug.xcconfig */,
				848E12FF3EA16FADFCF24F6E /* Pods-weather.release.xcconfig */,
			);
			name = Pods;
			sourceTree = "<group>";
		};
		FC8708BF1E79D05500984FAE = {
			isa = PBXGroup;
			children = (
				FC8708CA1E79D05500984FAE /* weather */,
				FC8708C91E79D05500984FAE /* Products */,
				F6C16E47C4E5E1FE5AE0A464 /* Pods */,
				4D38DF9C5714EC62053A9C5D /* Frameworks */,
			);
			sourceTree = "<group>";
		};
		FC8708C91E79D05500984FAE /* Products */ = {
			isa = PBXGroup;
			children = (
				FC8708C81E79D05500984FAE /* weather.app */,
			);
			name = Products;
			sourceTree = "<group>";
		};
		FC8708CA1E79D05500984FAE /* weather */ = {
			isa = PBXGroup;
			children = (
				4A43950F1E8DD61700E2328A /* Controller */,
				4A43950E1E8DD60300E2328A /* View */,
				4A43950D1E8DD5F200E2328A /* Model */,
				FC8708CB1E79D05500984FAE /* AppDelegate.swift */,
				FC8708CF1E79D05500984FAE /* Main.storyboard */,
				FC8708D21E79D05500984FAE /* Assets.xcassets */,
				FC8708D41E79D05500984FAE /* LaunchScreen.storyboard */,
				FC8708D71E79D05500984FAE /* Info.plist */,
				4A4395101E8DFB6900E2328A /* Location.swift */,
			);
			path = weather;
			sourceTree = "<group>";
		};
/* End PBXGroup section */

/* Begin PBXNativeTarget section */
		FC8708C71E79D05500984FAE /* weather */ = {
			isa = PBXNativeTarget;
			buildConfigurationList = FC8708DA1E79D05500984FAE /* Build configuration list for PBXNativeTarget "weather" */;
			buildPhases = (
				949FB47CFC1678B84728BD6B /* [CP] Check Pods Manifest.lock */,
				FC8708C41E79D05500984FAE /* Sources */,
				FC8708C51E79D05500984FAE /* Frameworks */,
				FC8708C61E79D05500984FAE /* Resources */,
				EA5C5FEBD29621F9B26BB190 /* [CP] Embed Pods Frameworks */,
				9818A8A9DEB77878F8AC17F6 /* [CP] Copy Pods Resources */,
			);
			buildRules = (
			);
			dependencies = (
			);
			name = weather;
			productName = weather;
			productReference = FC8708C81E79D05500984FAE /* weather.app */;
			productType = "com.apple.product-type.application";
		};
/* End PBXNativeTarget section */

/* Begin PBXProject section */
		FC8708C01E79D05500984FAE /* Project object */ = {
			isa = PBXProject;
			attributes = {
				LastSwiftUpdateCheck = 0820;
				LastUpgradeCheck = 0820;
				ORGANIZATIONNAME = "Yunpeng Gao";
				TargetAttributes = {
					FC8708C71E79D05500984FAE = {
						CreatedOnToolsVersion = 8.2.1;
						DevelopmentTeam = 93FJH37VVW;
						ProvisioningStyle = Automatic;
					};
				};
			};
			buildConfigurationList = FC8708C31E79D05500984FAE /* Build configuration list for PBXProject "weather" */;
			compatibilityVersion = "Xcode 3.2";
			developmentRegion = English;
			hasScannedForEncodings = 0;
			knownRegions = (
				en,
				Base,
			);
			mainGroup = FC8708BF1E79D05500984FAE;
			productRefGroup = FC8708C91E79D05500984FAE /* Products */;
			projectDirPath = "";
			projectRoot = "";
			targets = (
				FC8708C71E79D05500984FAE /* weather */,
			);
		};
/* End PBXProject section */

/* Begin PBXResourcesBuildPhase section */
		FC8708C61E79D05500984FAE /* Resources */ = {
			isa = PBXResourcesBuildPhase;
			buildActionMask = 2147483647;
			files = (
				FC8708D61E79D05500984FAE /* LaunchScreen.storyboard in Resources */,
				FC8708D31E79D05500984FAE /* Assets.xcassets in Resources */,
				FC8708D11E79D05500984FAE /* Main.storyboard in Resources */,
			);
			runOnlyForDeploymentPostprocessing = 0;
		};
/* End PBXResourcesBuildPhase section */

/* Begin PBXShellScriptBuildPhase section */
		949FB47CFC1678B84728BD6B /* [CP] Check Pods Manifest.lock */ = {
			isa = PBXShellScriptBuildPhase;
			buildActionMask = 2147483647;
			files = (
			);
			inputPaths = (
			);
			name = "[CP] Check Pods Manifest.lock";
			outputPaths = (
			);
			runOnlyForDeploymentPostprocessing = 0;
			shellPath = /bin/sh;
			shellScript = "diff \"${PODS_ROOT}/../Podfile.lock\" \"${PODS_ROOT}/Manifest.lock\" > /dev/null\nif [ $? != 0 ] ; then\n    # print error to STDERR\n    echo \"error: The sandbox is not in sync with the Podfile.lock. Run 'pod install' or update your CocoaPods installation.\" >&2\n    exit 1\nfi\n";
			showEnvVarsInLog = 0;
		};
		9818A8A9DEB77878F8AC17F6 /* [CP] Copy Pods Resources */ = {
			isa = PBXShellScriptBuildPhase;
			buildActionMask = 2147483647;
			files = (
			);
			inputPaths = (
			);
			name = "[CP] Copy Pods Resources";
			outputPaths = (
			);
			runOnlyForDeploymentPostprocessing = 0;
			shellPath = /bin/sh;
			shellScript = "\"${SRCROOT}/Pods/Target Support Files/Pods-weather/Pods-weather-resources.sh\"\n";
			showEnvVarsInLog = 0;
		};
		EA5C5FEBD29621F9B26BB190 /* [CP] Embed Pods Frameworks */ = {
			isa = PBXShellScriptBuildPhase;
			buildActionMask = 2147483647;
			files = (
			);
			inputPaths = (
			);
			name = "[CP] Embed Pods Frameworks";
			outputPaths = (
			);
			runOnlyForDeploymentPostprocessing = 0;
			shellPath = /bin/sh;
			shellScript = "\"${SRCROOT}/Pods/Target Support Files/Pods-weather/Pods-weather-frameworks.sh\"\n";
			showEnvVarsInLog = 0;
		};
/* End PBXShellScriptBuildPhase section */

/* Begin PBXSourcesBuildPhase section */
		FC8708C41E79D05500984FAE /* Sources */ = {
			isa = PBXSourcesBuildPhase;
			buildActionMask = 2147483647;
			files = (
				FC8708CE1E79D05500984FAE /* WeatherVC.swift in Sources */,
				FC8708CC1E79D05500984FAE /* AppDelegate.swift in Sources */,
				4A4395111E8DFB6900E2328A /* Location.swift in Sources */,
				4A43950C1E8DCEAD00E2328A /* WeatherCell.swift in Sources */,
				FC7E89C61E7E275000A4316C /* WeatherData.swift in Sources */,
				FC7E89C41E7E22A700A4316C /* Constant.swift in Sources */,
				FC9DE5CE1E8444880014DC9C /* Forecast.swift in Sources */,
			);
			runOnlyForDeploymentPostprocessing = 0;
		};
/* End PBXSourcesBuildPhase section */

/* Begin PBXVariantGroup section */
		FC8708CF1E79D05500984FAE /* Main.storyboard */ = {
			isa = PBXVariantGroup;
			children = (
				FC8708D01E79D05500984FAE /* Base */,
			);
			name = Main.storyboard;
			sourceTree = "<group>";
		};
		FC8708D41E79D05500984FAE /* LaunchScreen.storyboard */ = {
			isa = PBXVariantGroup;
			children = (
				FC8708D51E79D05500984FAE /* Base */,
			);
			name = LaunchScreen.storyboard;
			sourceTree = "<group>";
		};
/* End PBXVariantGroup section */

/* Begin XCBuildConfiguration section */
		FC8708D81E79D05500984FAE /* Debug */ = {
			isa = XCBuildConfiguration;
			buildSettings = {
				ALWAYS_SEARCH_USER_PATHS = NO;
				CLANG_ANALYZER_NONNULL = YES;
				CLANG_CXX_LANGUAGE_STANDARD = "gnu++0x";
				CLANG_CXX_LIBRARY = "libc++";
				CLANG_ENABLE_MODULES = YES;
				CLANG_ENABLE_OBJC_ARC = YES;
				CLANG_WARN_BOOL_CONVERSION = YES;
				CLANG_WARN_CONSTANT_CONVERSION = YES;
				CLANG_WARN_DIRECT_OBJC_ISA_USAGE = YES_ERROR;
				CLANG_WARN_DOCUMENTATION_COMMENTS = YES;
				CLANG_WARN_EMPTY_BODY = YES;
				CLANG_WARN_ENUM_CONVERSION = YES;
				CLANG_WARN_INFINITE_RECURSION = YES;
				CLANG_WARN_INT_CONVERSION = YES;
				CLANG_WARN_OBJC_ROOT_CLASS = YES_ERROR;
				CLANG_WARN_SUSPICIOUS_MOVE = YES;
				CLANG_WARN_UNREACHABLE_CODE = YES;
				CLANG_WARN__DUPLICATE_METHOD_MATCH = YES;
				"CODE_SIGN_IDENTITY[sdk=iphoneos*]" = "iPhone Developer";
				COPY_PHASE_STRIP = NO;
				DEBUG_INFORMATION_FORMAT = dwarf;
				ENABLE_STRICT_OBJC_MSGSEND = YES;
				ENABLE_TESTABILITY = YES;
				GCC_C_LANGUAGE_STANDARD = gnu99;
				GCC_DYNAMIC_NO_PIC = NO;
				GCC_NO_COMMON_BLOCKS = YES;
				GCC_OPTIMIZATION_LEVEL = 0;
				GCC_PREPROCESSOR_DEFINITIONS = (
					"DEBUG=1",
					"$(inherited)",
				);
				GCC_WARN_64_TO_32_BIT_CONVERSION = YES;
				GCC_WARN_ABOUT_RETURN_TYPE = YES_ERROR;
				GCC_WARN_UNDECLARED_SELECTOR = YES;
				GCC_WARN_UNINITIALIZED_AUTOS = YES_AGGRESSIVE;
				GCC_WARN_UNUSED_FUNCTION = YES;
				GCC_WARN_UNUSED_VARIABLE = YES;
				IPHONEOS_DEPLOYMENT_TARGET = 10.2;
				MTL_ENABLE_DEBUG_INFO = YES;
				ONLY_ACTIVE_ARCH = YES;
				SDKROOT = iphoneos;
				SWIFT_ACTIVE_COMPILATION_CONDITIONS = DEBUG;
				SWIFT_OPTIMIZATION_LEVEL = "-Onone";
				TARGETED_DEVICE_FAMILY = "1,2";
			};
			name = Debug;
		};
		FC8708D91E79D05500984FAE /* Release */ = {
			isa = XCBuildConfiguration;
			buildSettings = {
				ALWAYS_SEARCH_USER_PATHS = NO;
				CLANG_ANALYZER_NONNULL = YES;
				CLANG_CXX_LANGUAGE_STANDARD = "gnu++0x";
				CLANG_CXX_LIBRARY = "libc++";
				CLANG_ENABLE_MODULES = YES;
				CLANG_ENABLE_OBJC_ARC = YES;
				CLANG_WARN_BOOL_CONVERSION = YES;
				CLANG_WARN_CONSTANT_CONVERSION = YES;
				CLANG_WARN_DIRECT_OBJC_ISA_USAGE = YES_ERROR;
				CLANG_WARN_DOCUMENTATION_COMMENTS = YES;
				CLANG_WARN_EMPTY_BODY = YES;
				CLANG_WARN_ENUM_CONVERSION = YES;
				CLANG_WARN_INFINITE_RECURSION = YES;
				CLANG_WARN_INT_CONVERSION = YES;
				CLANG_WARN_OBJC_ROOT_CLASS = YES_ERROR;
				CLANG_WARN_SUSPICIOUS_MOVE = YES;
				CLANG_WARN_UNREACHABLE_CODE = YES;
				CLANG_WARN__DUPLICATE_METHOD_MATCH = YES;
				"CODE_SIGN_IDENTITY[sdk=iphoneos*]" = "iPhone Developer";
				COPY_PHASE_STRIP = NO;
				DEBUG_INFORMATION_FORMAT = "dwarf-with-dsym";
				ENABLE_NS_ASSERTIONS = NO;
				ENABLE_STRICT_OBJC_MSGSEND = YES;
				GCC_C_LANGUAGE_STANDARD = gnu99;
				GCC_NO_COMMON_BLOCKS = YES;
				GCC_WARN_64_TO_32_BIT_CONVERSION = YES;
				GCC_WARN_ABOUT_RETURN_TYPE = YES_ERROR;
				GCC_WARN_UNDECLARED_SELECTOR = YES;
				GCC_WARN_UNINITIALIZED_AUTOS = YES_AGGRESSIVE;
				GCC_WARN_UNUSED_FUNCTION = YES;
				GCC_WARN_UNUSED_VARIABLE = YES;
				IPHONEOS_DEPLOYMENT_TARGET = 10.2;
				MTL_ENABLE_DEBUG_INFO = NO;
				SDKROOT = iphoneos;
				SWIFT_OPTIMIZATION_LEVEL = "-Owholemodule";
				TARGETED_DEVICE_FAMILY = "1,2";
				VALIDATE_PRODUCT = YES;
			};
			name = Release;
		};
		FC8708DB1E79D05500984FAE /* Debug */ = {
			isa = XCBuildConfiguration;
			baseConfigurationReference = 7AC8C8B6557861888A6F266F /* Pods-weather.debug.xcconfig */;
			buildSettings = {
				ASSETCATALOG_COMPILER_APPICON_NAME = AppIcon;
				DEVELOPMENT_TEAM = 93FJH37VVW;
				INFOPLIST_FILE = weather/Info.plist;
				LD_RUNPATH_SEARCH_PATHS = "$(inherited) @executable_path/Frameworks";
				PRODUCT_BUNDLE_IDENTIFIER = com.gaoapp.weather;
				PRODUCT_NAME = "$(TARGET_NAME)";
				SWIFT_VERSION = 3.0;
				TARGETED_DEVICE_FAMILY = 1;
			};
			name = Debug;
		};
		FC8708DC1E79D05500984FAE /* Release */ = {
			isa = XCBuildConfiguration;
			baseConfigurationReference = 848E12FF3EA16FADFCF24F6E /* Pods-weather.release.xcconfig */;
			buildSettings = {
				ASSETCATALOG_COMPILER_APPICON_NAME = AppIcon;
				DEVELOPMENT_TEAM = 93FJH37VVW;
				INFOPLIST_FILE = weather/Info.plist;
				LD_RUNPATH_SEARCH_PATHS = "$(inherited) @executable_path/Frameworks";
				PRODUCT_BUNDLE_IDENTIFIER = com.gaoapp.weather;
				PRODUCT_NAME = "$(TARGET_NAME)";
				SWIFT_VERSION = 3.0;
				TARGETED_DEVICE_FAMILY = 1;
			};
			name = Release;
		};
/* End XCBuildConfiguration section */

/* Begin XCConfigurationList section */
		FC8708C31E79D05500984FAE /* Build configuration list for PBXProject "weather" */ = {
			isa = XCConfigurationList;
			buildConfigurations = (
				FC8708D81E79D05500984FAE /* Debug */,
				FC8708D91E79D05500984FAE /* Release */,
			);
			defaultConfigurationIsVisible = 0;
			defaultConfigurationName = Release;
		};
		FC8708DA1E79D05500984FAE /* Build configuration list for PBXNativeTarget "weather" */ = {
			isa = XCConfigurationList;
			buildConfigurations = (
				FC8708DB1E79D05500984FAE /* Debug */,
				FC8708DC1E79D05500984FAE /* Release */,
			);
			defaultConfigurationIsVisible = 0;
			defaultConfigurationName = Release;
		};
/* End XCConfigurationList section */
	};
	rootObject = FC8708C01E79D05500984FAE /* Project object */;
}
